
Microsoft Visual Studio Solution File, Format Version 12.00
# Visual Studio Version 17
VisualStudioVersion = 17.2.32526.322
MinimumVisualStudioVersion = 10.0.40219.1
Project("{FAE04EC0-301F-11D3-BF4B-00C04F79EFBC}") = "6_Collections3", "6_Collections3\6_Collections3.csproj", "{307901E3-65DF-46D0-BFA0-196A64CAF38B}"
EndProject
Global
	GlobalSection(SolutionConfigurationPlatforms) = preSolution
		Debug|Any CPU = Debug|Any CPU
		Release|Any CPU = Release|Any CPU
	EndGlobalSection
	GlobalSection(ProjectConfigurationPlatforms) = postSolution
		{307901E3-65DF-46D0-BFA0-196A64CAF38B}.Debug|Any CPU.ActiveCfg = Debug|Any CPU
		{307901E3-65DF-46D0-BFA0-196A64CAF38B}.Debug|Any CPU.Build.0 = Debug|Any CPU
		{307901E3-65DF-46D0-BFA0-196A64CAF38B}.Release|Any CPU.ActiveCfg = Release|Any CPU
		{307901E3-65DF-46D0-BFA0-196A64CAF38B}.Release|Any CPU.Build.0 = Release|Any CPU
	EndGlobalSection
	GlobalSection(SolutionProperties) = preSolution
		HideSolutionNode = FALSE
	EndGlobalSection
	GlobalSection(ExtensibilityGlobals) = postSolution
		SolutionGuid = {F2CFBB1C-410F-4BF6-9140-1516BDB1652C}
	EndGlobalSection
EndGlobal
